
Microsoft Visual Studio Solution File, Format Version 12.00
# Visual Studio 15
VisualStudioVersion = 15.0.28307.645
MinimumVisualStudioVersion = 10.0.40219.1
Project("{E24C65DC-7377-472B-9ABA-BC803B73C61A}") = "MessingWithCSS_w18", "MessingWithCSS_w18\", "{B48F57EB-E812-4567-8D00-49E19741E542}"
	ProjectSection(WebsiteProperties) = preProject
		TargetFrameworkMoniker = ".NETFramework,Version%3Dv4.6.1"
		Debug.AspNetCompiler.VirtualPath = "/localhost_51037"
		Debug.AspNetCompiler.PhysicalPath = "MessingWithCSS_w18\"
		Debug.AspNetCompiler.TargetPath = "PrecompiledWeb\localhost_51037\"
		Debug.AspNetCompiler.Updateable = "true"
		Debug.AspNetCompiler.ForceOverwrite = "true"
		Debug.AspNetCompiler.FixedNames = "false"
		Debug.AspNetCompiler.Debug = "True"
		Release.AspNetCompiler.VirtualPath = "/localhost_51037"
		Release.AspNetCompiler.PhysicalPath = "MessingWithCSS_w18\"
		Release.AspNetCompiler.TargetPath = "PrecompiledWeb\localhost_51037\"
		Release.AspNetCompiler.Updateable = "true"
		Release.AspNetCompiler.ForceOverwrite = "true"
		Release.AspNetCompiler.FixedNames = "false"
		Release.AspNetCompiler.Debug = "False"
		VWDPort = "51037"
		SlnRelativePath = "MessingWithCSS_w18\"
		DefaultWebSiteLanguage = "Visual C#"
	EndProjectSection
EndProject
Global
	GlobalSection(SolutionConfigurationPlatforms) = preSolution
		Debug|Any CPU = Debug|Any CPU
	EndGlobalSection
	GlobalSection(ProjectConfigurationPlatforms) = postSolution
		{B48F57EB-E812-4567-8D00-49E19741E542}.Debug|Any CPU.ActiveCfg = Debug|Any CPU
		{B48F57EB-E812-4567-8D00-49E19741E542}.Debug|Any CPU.Build.0 = Debug|Any CPU
	EndGlobalSection
	GlobalSection(SolutionProperties) = preSolution
		HideSolutionNode = FALSE
	EndGlobalSection
	GlobalSection(ExtensibilityGlobals) = postSolution
		SolutionGuid = {8C8D5316-8F86-4509-8C74-61708BD92041}
	EndGlobalSection
EndGlobal
