
Microsoft Visual Studio Solution File, Format Version 12.00
# Visual Studio 15
VisualStudioVersion = 15.0.28010.2048
MinimumVisualStudioVersion = 10.0.40219.1
Project("{FAE04EC0-301F-11D3-BF4B-00C04F79EFBC}") = "SimpleWebApp", "SimpleWebApp\SimpleWebApp.csproj", "{95CD2491-0CF2-4F55-8AD3-7DFE31F26E2E}"
EndProject
Project("{FAE04EC0-301F-11D3-BF4B-00C04F79EFBC}") = "SimpleASPApp", "..\SimpleASPApp\SimpleASPApp.csproj", "{0BE5117B-44D4-4E34-83EA-336A51022122}"
EndProject
Global
	GlobalSection(SolutionConfigurationPlatforms) = preSolution
		Debug|Any CPU = Debug|Any CPU
		Release|Any CPU = Release|Any CPU
	EndGlobalSection
	GlobalSection(ProjectConfigurationPlatforms) = postSolution
		{95CD2491-0CF2-4F55-8AD3-7DFE31F26E2E}.Debug|Any CPU.ActiveCfg = Debug|Any CPU
		{95CD2491-0CF2-4F55-8AD3-7DFE31F26E2E}.Debug|Any CPU.Build.0 = Debug|Any CPU
		{95CD2491-0CF2-4F55-8AD3-7DFE31F26E2E}.Release|Any CPU.ActiveCfg = Release|Any CPU
		{95CD2491-0CF2-4F55-8AD3-7DFE31F26E2E}.Release|Any CPU.Build.0 = Release|Any CPU
		{0BE5117B-44D4-4E34-83EA-336A51022122}.Debug|Any CPU.ActiveCfg = Debug|Any CPU
		{0BE5117B-44D4-4E34-83EA-336A51022122}.Debug|Any CPU.Build.0 = Debug|Any CPU
		{0BE5117B-44D4-4E34-83EA-336A51022122}.Release|Any CPU.ActiveCfg = Release|Any CPU
		{0BE5117B-44D4-4E34-83EA-336A51022122}.Release|Any CPU.Build.0 = Release|Any CPU
	EndGlobalSection
	GlobalSection(SolutionProperties) = preSolution
		HideSolutionNode = FALSE
	EndGlobalSection
	GlobalSection(ExtensibilityGlobals) = postSolution
		SolutionGuid = {2023FDBF-9C8A-4E58-A0EC-8D28D5F9747A}
	EndGlobalSection
EndGlobal
